// !$*UTF8*$!
{
	archiveVersion = 1;
	classes = {
	};
	objectVersion = 46;
	objects = {

/* Begin PBXBuildFile section */
		4B176D481E68214B00C5A287 /* main.m in Sources */ = {isa = PBXBuildFile; fileRef = 4B176D471E68214B00C5A287 /* main.m */; };
		4B176D4B1E68214B00C5A287 /* AppDelegate.m in Sources */ = {isa = PBXBuildFile; fileRef = 4B176D4A1E68214B00C5A287 /* AppDelegate.m */; };
		4B176D4E1E68214B00C5A287 /* ViewController.m in Sources */ = {isa = PBXBuildFile; fileRef = 4B176D4D1E68214B00C5A287 /* ViewController.m */; };
		4B176D511E68214B00C5A287 /* Main.storyboard in Resources */ = {isa = PBXBuildFile; fileRef = 4B176D4F1E68214B00C5A287 /* Main.storyboard */; };
		4B176D531E68214B00C5A287 /* Assets.xcassets in Resources */ = {isa = PBXBuildFile; fileRef = 4B176D521E68214B00C5A287 /* Assets.xcassets */; };
		4B176D561E68214B00C5A287 /* LaunchScreen.storyboard in Resources */ = {isa = PBXBuildFile; fileRef = 4B176D541E68214B00C5A287 /* LaunchScreen.storyboard */; };
/* End PBXBuildFile section */

/* Begin PBXFileReference section */
		4B176D431E68214B00C5A287 /* testAlert0302.app */ = {isa = PBXFileReference; explicitFileType = wrapper.application; includeInIndex = 0; path = testAlert0302.app; sourceTree = BUILT_PRODUCTS_DIR; };
		4B176D471E68214B00C5A287 /* main.m */ = {isa = PBXFileReference; lastKnownFileType = sourcecode.c.objc; path = main.m; sourceTree = "<group>"; };
		4B176D491E68214B00C5A287 /* AppDelegate.h */ = {isa = PBXFileReference; lastKnownFileType = sourcecode.c.h; path = AppDelegate.h; sourceTree = "<group>"; };
		4B176D4A1E68214B00C5A287 /* AppDelegate.m */ = {isa = PBXFileReference; lastKnownFileType = sourcecode.c.objc; path = AppDelegate.m; sourceTree = "<group>"; };
		4B176D4C1E68214B00C5A287 /* ViewController.h */ = {isa = PBXFileReference; lastKnownFileType = sourcecode.c.h; path = ViewController.h; sourceTree = "<group>"; };
		4B176D4D1E68214B00C5A287 /* ViewController.m */ = {isa = PBXFileReference; lastKnownFileType = sourcecode.c.objc; path = ViewController.m; sourceTree = "<group>"; };
		4B176D501E68214B00C5A287 /* Base */ = {isa = PBXFileReference; lastKnownFileType = file.storyboard; name = Base; path = Base.lproj/Main.storyboard; sourceTree = "<group>"; };
		4B176D521E68214B00C5A287 /* Assets.xcassets */ = {isa = PBXFileReference; lastKnownFileType = folder.assetcatalog; path = Assets.xcassets; sourceTree = "<group>"; };
		4B176D551E68214B00C5A287 /* Base */ = {isa = PBXFileReference; lastKnownFileType = file.storyboard; name = Base; path = Base.lproj/LaunchScreen.storyboard; sourceTree = "<group>"; };
		4B176D571E68214B00C5A287 /* Info.plist */ = {isa = PBXFileReference; lastKnownFileType = text.plist.xml; path = Info.plist; sourceTree = "<group>"; };
/* End PBXFileReference section */

/* Begin PBXFrameworksBuildPhase section */
		4B176D401E68214B00C5A287 /* Frameworks */ = {
			isa = PBXFrameworksBuildPhase;
			buildActionMask = 2147483647;
			files = (
			);
			runOnlyForDeploymentPostprocessing = 0;
		};
/* End PBXFrameworksBuildPhase section */

/* Begin PBXGroup section */
		4B176D3A1E68214B00C5A287 = {
			isa = PBXGroup;
			children = (
				4B176D451E68214B00C5A287 /* testAlert0302 */,
				4B176D441E68214B00C5A287 /* Products */,
			);
			sourceTree = "<group>";
		};
		4B176D441E68214B00C5A287 /* Products */ = {
			isa = PBXGroup;
			children = (
				4B176D431E68214B00C5A287 /* testAlert0302.app */,
			);
			name = Products;
			sourceTree = "<group>";
		};
		4B176D451E68214B00C5A287 /* testAlert0302 */ = {
			isa = PBXGroup;
			children = (
				4B176D491E68214B00C5A287 /* AppDelegate.h */,
				4B176D4A1E68214B00C5A287 /* AppDelegate.m */,
				4B176D4C1E68214B00C5A287 /* ViewController.h */,
				4B176D4D1E68214B00C5A287 /* ViewController.m */,
				4B176D4F1E68214B00C5A287 /* Main.storyboard */,
				4B176D521E68214B00C5A287 /* Assets.xcassets */,
				4B176D541E68214B00C5A287 /* LaunchScreen.storyboard */,
				4B176D571E68214B00C5A287 /* Info.plist */,
				4B176D461E68214B00C5A287 /* Supporting Files */,
			);
			path = testAlert0302;
			sourceTree = "<group>";
		};
		4B176D461E68214B00C5A287 /* Supporting Files */ = {
			isa = PBXGroup;
			children = (
				4B176D471E68214B00C5A287 /* main.m */,
			);
			name = "Supporting Files";
			sourceTree = "<group>";
		};
/* End PBXGroup section */

/* Begin PBXNativeTarget section */
		4B176D421E68214B00C5A287 /* testAlert0302 */ = {
			isa = PBXNativeTarget;
			buildConfigurationList = 4B176D5A1E68214B00C5A287 /* Build configuration list for PBXNativeTarget "testAlert0302" */;
			buildPhases = (
				4B176D3F1E68214B00C5A287 /* Sources */,
				4B176D401E68214B00C5A287 /* Frameworks */,
				4B176D411E68214B00C5A287 /* Resources */,
			);
			buildRules = (
			);
			dependencies = (
			);
			name = testAlert0302;
			productName = testAlert0302;
			productReference = 4B176D431E68214B00C5A287 /* testAlert0302.app */;
			productType = "com.apple.product-type.application";
		};
/* End PBXNativeTarget section */

/* Begin PBXProject section */
		4B176D3B1E68214B00C5A287 /* Project object */ = {
			isa = PBXProject;
			attributes = {
				LastUpgradeCheck = 0820;
				ORGANIZATIONNAME = "ios school";
				TargetAttributes = {
					4B176D421E68214B00C5A287 = {
						CreatedOnToolsVersion = 8.2.1;
						DevelopmentTeam = LKDUWAVHGN;
						ProvisioningStyle = Automatic;
					};
				};
			};
			buildConfigurationList = 4B176D3E1E68214B00C5A287 /* Build configuration list for PBXProject "testAlert0302" */;
			compatibilityVersion = "Xcode 3.2";
			developmentRegion = English;
			hasScannedForEncodings = 0;
			knownRegions = (
				en,
				Base,
			);
			mainGroup = 4B176D3A1E68214B00C5A287;
			productRefGroup = 4B176D441E68214B00C5A287 /* Products */;
			projectDirPath = "";
			projectRoot = "";
			targets = (
				4B176D421E68214B00C5A287 /* testAlert0302 */,
			);
		};
/* End PBXProject section */

/* Begin PBXResourcesBuildPhase section */
		4B176D411E68214B00C5A287 /* Resources */ = {
			isa = PBXResourcesBuildPhase;
			buildActionMask = 2147483647;
			files = (
				4B176D561E68214B00C5A287 /* LaunchScreen.storyboard in Resources */,
				4B176D531E68214B00C5A287 /* Assets.xcassets in Resources */,
				4B176D511E68214B00C5A287 /* Main.storyboard in Resources */,
			);
			runOnlyForDeploymentPostprocessing = 0;
		};
/* End PBXResourcesBuildPhase section */

/* Begin PBXSourcesBuildPhase section */
		4B176D3F1E68214B00C5A287 /* Sources */ = {
			isa = PBXSourcesBuildPhase;
			buildActionMask = 2147483647;
			files = (
				4B176D4E1E68214B00C5A287 /* ViewController.m in Sources */,
				4B176D4B1E68214B00C5A287 /* AppDelegate.m in Sources */,
				4B176D481E68214B00C5A287 /* main.m in Sources */,
			);
			runOnlyForDeploymentPostprocessing = 0;
		};
/* End PBXSourcesBuildPhase section */

/* Begin PBXVariantGroup section */
		4B176D4F1E68214B00C5A287 /* Main.storyboard */ = {
			isa = PBXVariantGroup;
			children = (
				4B176D501E68214B00C5A287 /* Base */,
			);
			name = Main.storyboard;
			sourceTree = "<group>";
		};
		4B176D541E68214B00C5A287 /* LaunchScreen.storyboard */ = {
			isa = PBXVariantGroup;
			children = (
				4B176D551E68214B00C5A287 /* Base */,
			);
			name = LaunchScreen.storyboard;
			sourceTree = "<group>";
		};
/* End PBXVariantGroup section */

/* Begin XCBuildConfiguration section */
		4B176D581E68214B00C5A287 /* Debug */ = {
			isa = XCBuildConfiguration;
			buildSettings = {
				ALWAYS_SEARCH_USER_PATHS = NO;
				CLANG_ANALYZER_NONNULL = YES;
				CLANG_CXX_LANGUAGE_STANDARD = "gnu++0x";
				CLANG_CXX_LIBRARY = "libc++";
				CLANG_ENABLE_MODULES = YES;
				CLANG_ENABLE_OBJC_ARC = YES;
				CLANG_WARN_BOOL_CONVERSION = YES;
				CLANG_WARN_CONSTANT_CONVERSION = YES;
				CLANG_WARN_DIRECT_OBJC_ISA_USAGE = YES_ERROR;
				CLANG_WARN_DOCUMENTATION_COMMENTS = YES;
				CLANG_WARN_EMPTY_BODY = YES;
				CLANG_WARN_ENUM_CONVERSION = YES;
				CLANG_WARN_INFINITE_RECURSION = YES;
				CLANG_WARN_INT_CONVERSION = YES;
				CLANG_WARN_OBJC_ROOT_CLASS = YES_ERROR;
				CLANG_WARN_SUSPICIOUS_MOVE = YES;
				CLANG_WARN_UNREACHABLE_CODE = YES;
				CLANG_WARN__DUPLICATE_METHOD_MATCH = YES;
				"CODE_SIGN_IDENTITY[sdk=iphoneos*]" = "iPhone Developer";
				COPY_PHASE_STRIP = NO;
				DEBUG_INFORMATION_FORMAT = dwarf;
				ENABLE_STRICT_OBJC_MSGSEND = YES;
				ENABLE_TESTABILITY = YES;
				GCC_C_LANGUAGE_STANDARD = gnu99;
				GCC_DYNAMIC_NO_PIC = NO;
				GCC_NO_COMMON_BLOCKS = YES;
				GCC_OPTIMIZATION_LEVEL = 0;
				GCC_PREPROCESSOR_DEFINITIONS = (
					"DEBUG=1",
					"$(inherited)",
				);
				GCC_WARN_64_TO_32_BIT_CONVERSION = YES;
				GCC_WARN_ABOUT_RETURN_TYPE = YES_ERROR;
				GCC_WARN_UNDECLARED_SELECTOR = YES;
				GCC_WARN_UNINITIALIZED_AUTOS = YES_AGGRESSIVE;
				GCC_WARN_UNUSED_FUNCTION = YES;
				GCC_WARN_UNUSED_VARIABLE = YES;
				IPHONEOS_DEPLOYMENT_TARGET = 10.2;
				MTL_ENABLE_DEBUG_INFO = YES;
				ONLY_ACTIVE_ARCH = YES;
				SDKROOT = iphoneos;
			};
			name = Debug;
		};
		4B176D591E68214B00C5A287 /* Release */ = {
			isa = XCBuildConfiguration;
			buildSettings = {
				ALWAYS_SEARCH_USER_PATHS = NO;
				CLANG_ANALYZER_NONNULL = YES;
				CLANG_CXX_LANGUAGE_STANDARD = "gnu++0x";
				CLANG_CXX_LIBRARY = "libc++";
				CLANG_ENABLE_MODULES = YES;
				CLANG_ENABLE_OBJC_ARC = YES;
				CLANG_WARN_BOOL_CONVERSION = YES;
				CLANG_WARN_CONSTANT_CONVERSION = YES;
				CLANG_WARN_DIRECT_OBJC_ISA_USAGE = YES_ERROR;
				CLANG_WARN_DOCUMENTATION_COMMENTS = YES;
				CLANG_WARN_EMPTY_BODY = YES;
				CLANG_WARN_ENUM_CONVERSION = YES;
				CLANG_WARN_INFINITE_RECURSION = YES;
				CLANG_WARN_INT_CONVERSION = YES;
				CLANG_WARN_OBJC_ROOT_CLASS = YES_ERROR;
				CLANG_WARN_SUSPICIOUS_MOVE = YES;
				CLANG_WARN_UNREACHABLE_CODE = YES;
				CLANG_WARN__DUPLICATE_METHOD_MATCH = YES;
				"CODE_SIGN_IDENTITY[sdk=iphoneos*]" = "iPhone Developer";
				COPY_PHASE_STRIP = NO;
				DEBUG_INFORMATION_FORMAT = "dwarf-with-dsym";
				ENABLE_NS_ASSERTIONS = NO;
				ENABLE_STRICT_OBJC_MSGSEND = YES;
				GCC_C_LANGUAGE_STANDARD = gnu99;
				GCC_NO_COMMON_BLOCKS = YES;
				GCC_WARN_64_TO_32_BIT_CONVERSION = YES;
				GCC_WARN_ABOUT_RETURN_TYPE = YES_ERROR;
				GCC_WARN_UNDECLARED_SELECTOR = YES;
				GCC_WARN_UNINITIALIZED_AUTOS = YES_AGGRESSIVE;
				GCC_WARN_UNUSED_FUNCTION = YES;
				GCC_WARN_UNUSED_VARIABLE = YES;
				IPHONEOS_DEPLOYMENT_TARGET = 10.2;
				MTL_ENABLE_DEBUG_INFO = NO;
				SDKROOT = iphoneos;
				VALIDATE_PRODUCT = YES;
			};
			name = Release;
		};
		4B176D5B1E68214B00C5A287 /* Debug */ = {
			isa = XCBuildConfiguration;
			buildSettings = {
				ASSETCATALOG_COMPILER_APPICON_NAME = AppIcon;
				DEVELOPMENT_TEAM = LKDUWAVHGN;
				INFOPLIST_FILE = testAlert0302/Info.plist;
				LD_RUNPATH_SEARCH_PATHS = "$(inherited) @executable_path/Frameworks";
				PRODUCT_BUNDLE_IDENTIFIER = com.jungki.hong.testAlert0302;
				PRODUCT_NAME = "$(TARGET_NAME)";
			};
			name = Debug;
		};
		4B176D5C1E68214B00C5A287 /* Release */ = {
			isa = XCBuildConfiguration;
			buildSettings = {
				ASSETCATALOG_COMPILER_APPICON_NAME = AppIcon;
				DEVELOPMENT_TEAM = LKDUWAVHGN;
				INFOPLIST_FILE = testAlert0302/Info.plist;
				LD_RUNPATH_SEARCH_PATHS = "$(inherited) @executable_path/Frameworks";
				PRODUCT_BUNDLE_IDENTIFIER = com.jungki.hong.testAlert0302;
				PRODUCT_NAME = "$(TARGET_NAME)";
			};
			name = Release;
		};
/* End XCBuildConfiguration section */

/* Begin XCConfigurationList section */
		4B176D3E1E68214B00C5A287 /* Build configuration list for PBXProject "testAlert0302" */ = {
			isa = XCConfigurationList;
			buildConfigurations = (
				4B176D581E68214B00C5A287 /* Debug */,
				4B176D591E68214B00C5A287 /* Release */,
			);
			defaultConfigurationIsVisible = 0;
			defaultConfigurationName = Release;
		};
		4B176D5A1E68214B00C5A287 /* Build configuration list for PBXNativeTarget "testAlert0302" */ = {
			isa = XCConfigurationList;
			buildConfigurations = (
				4B176D5B1E68214B00C5A287 /* Debug */,
				4B176D5C1E68214B00C5A287 /* Release */,
			);
			defaultConfigurationIsVisible = 0;
		};
/* End XCConfigurationList section */
	};
	rootObject = 4B176D3B1E68214B00C5A287 /* Project object */;
}
